
Microsoft Visual Studio Solution File, Format Version 12.00
# Visual Studio Version 16
VisualStudioVersion = 16.0.31624.102
MinimumVisualStudioVersion = 10.0.40219.1
Project("{8BC9CEB8-8B4A-11D0-8D11-00A0C91BC942}") = "seminar 4", "seminar 4\seminar 4.vcxproj", "{4B91A493-B2FE-4210-A774-4A7E725E2642}"
EndProject
Project("{8BC9CEB8-8B4A-11D0-8D11-00A0C91BC942}") = "sem 4", "..\..\seminar 4\sem 4\sem 4\sem 4.vcxproj", "{99CD1384-3C48-49E7-8D4C-5E69580ABBE6}"
EndProject
Global
	GlobalSection(SolutionConfigurationPlatforms) = preSolution
		Debug|x64 = Debug|x64
		Debug|x86 = Debug|x86
		Release|x64 = Release|x64
		Release|x86 = Release|x86
	EndGlobalSection
	GlobalSection(ProjectConfigurationPlatforms) = postSolution
		{4B91A493-B2FE-4210-A774-4A7E725E2642}.Debug|x64.ActiveCfg = Debug|x64
		{4B91A493-B2FE-4210-A774-4A7E725E2642}.Debug|x64.Build.0 = Debug|x64
		{4B91A493-B2FE-4210-A774-4A7E725E2642}.Debug|x86.ActiveCfg = Debug|Win32
		{4B91A493-B2FE-4210-A774-4A7E725E2642}.Debug|x86.Build.0 = Debug|Win32
		{4B91A493-B2FE-4210-A774-4A7E725E2642}.Release|x64.ActiveCfg = Release|x64
		{4B91A493-B2FE-4210-A774-4A7E725E2642}.Release|x64.Build.0 = Release|x64
		{4B91A493-B2FE-4210-A774-4A7E725E2642}.Release|x86.ActiveCfg = Release|Win32
		{4B91A493-B2FE-4210-A774-4A7E725E2642}.Release|x86.Build.0 = Release|Win32
		{99CD1384-3C48-49E7-8D4C-5E69580ABBE6}.Debug|x64.ActiveCfg = Debug|x64
		{99CD1384-3C48-49E7-8D4C-5E69580ABBE6}.Debug|x64.Build.0 = Debug|x64
		{99CD1384-3C48-49E7-8D4C-5E69580ABBE6}.Debug|x86.ActiveCfg = Debug|Win32
		{99CD1384-3C48-49E7-8D4C-5E69580ABBE6}.Debug|x86.Build.0 = Debug|Win32
		{99CD1384-3C48-49E7-8D4C-5E69580ABBE6}.Release|x64.ActiveCfg = Release|x64
		{99CD1384-3C48-49E7-8D4C-5E69580ABBE6}.Release|x64.Build.0 = Release|x64
		{99CD1384-3C48-49E7-8D4C-5E69580ABBE6}.Release|x86.ActiveCfg = Release|Win32
		{99CD1384-3C48-49E7-8D4C-5E69580ABBE6}.Release|x86.Build.0 = Release|Win32
	EndGlobalSection
	GlobalSection(SolutionProperties) = preSolution
		HideSolutionNode = FALSE
	EndGlobalSection
	GlobalSection(ExtensibilityGlobals) = postSolution
		SolutionGuid = {9A94CFCC-6E44-42F7-BC06-04C80D2CBC48}
	EndGlobalSection
EndGlobal
