
Microsoft Visual Studio Solution File, Format Version 12.00
# Visual Studio Version 16
VisualStudioVersion = 16.0.31624.102
MinimumVisualStudioVersion = 10.0.40219.1
Project("{8BC9CEB8-8B4A-11D0-8D11-00A0C91BC942}") = "seminar 12", "seminar 12\seminar 12.vcxproj", "{DA8E13AF-2260-4295-A4FB-5A2BC51D3213}"
EndProject
Global
	GlobalSection(SolutionConfigurationPlatforms) = preSolution
		Debug|x64 = Debug|x64
		Debug|x86 = Debug|x86
		Release|x64 = Release|x64
		Release|x86 = Release|x86
	EndGlobalSection
	GlobalSection(ProjectConfigurationPlatforms) = postSolution
		{DA8E13AF-2260-4295-A4FB-5A2BC51D3213}.Debug|x64.ActiveCfg = Debug|x64
		{DA8E13AF-2260-4295-A4FB-5A2BC51D3213}.Debug|x64.Build.0 = Debug|x64
		{DA8E13AF-2260-4295-A4FB-5A2BC51D3213}.Debug|x86.ActiveCfg = Debug|Win32
		{DA8E13AF-2260-4295-A4FB-5A2BC51D3213}.Debug|x86.Build.0 = Debug|Win32
		{DA8E13AF-2260-4295-A4FB-5A2BC51D3213}.Release|x64.ActiveCfg = Release|x64
		{DA8E13AF-2260-4295-A4FB-5A2BC51D3213}.Release|x64.Build.0 = Release|x64
		{DA8E13AF-2260-4295-A4FB-5A2BC51D3213}.Release|x86.ActiveCfg = Release|Win32
		{DA8E13AF-2260-4295-A4FB-5A2BC51D3213}.Release|x86.Build.0 = Release|Win32
	EndGlobalSection
	GlobalSection(SolutionProperties) = preSolution
		HideSolutionNode = FALSE
	EndGlobalSection
	GlobalSection(ExtensibilityGlobals) = postSolution
		SolutionGuid = {FB577B4C-7DDF-4CA6-974D-74BCA18E81F1}
	EndGlobalSection
EndGlobal
